
Microsoft Visual Studio Solution File, Format Version 12.00
# Visual Studio 15
VisualStudioVersion = 15.0.28307.757
MinimumVisualStudioVersion = 10.0.40219.1
Project("{FAE04EC0-301F-11D3-BF4B-00C04F79EFBC}") = "AluguelCarro", "AluguelCarro\AluguelCarro.csproj", "{7BFAF147-D541-477E-87A3-185FCE35EB8A}"
EndProject
Global
	GlobalSection(SolutionConfigurationPlatforms) = preSolution
		Debug|Any CPU = Debug|Any CPU
		Release|Any CPU = Release|Any CPU
	EndGlobalSection
	GlobalSection(ProjectConfigurationPlatforms) = postSolution
		{7BFAF147-D541-477E-87A3-185FCE35EB8A}.Debug|Any CPU.ActiveCfg = Debug|Any CPU
		{7BFAF147-D541-477E-87A3-185FCE35EB8A}.Debug|Any CPU.Build.0 = Debug|Any CPU
		{7BFAF147-D541-477E-87A3-185FCE35EB8A}.Release|Any CPU.ActiveCfg = Release|Any CPU
		{7BFAF147-D541-477E-87A3-185FCE35EB8A}.Release|Any CPU.Build.0 = Release|Any CPU
	EndGlobalSection
	GlobalSection(SolutionProperties) = preSolution
		HideSolutionNode = FALSE
	EndGlobalSection
	GlobalSection(ExtensibilityGlobals) = postSolution
		SolutionGuid = {100A9E0C-8F03-4712-B421-5D56A923FAEA}
	EndGlobalSection
EndGlobal
